
Microsoft Visual Studio Solution File, Format Version 12.00
# Visual Studio 2013
VisualStudioVersion = 12.0.21005.1
MinimumVisualStudioVersion = 10.0.40219.1
Project("{FAE04EC0-301F-11D3-BF4B-00C04F79EFBC}") = "NextMMO.Server", "NextMMO.Server\NextMMO.Server.csproj", "{41F4C1D8-2800-4E85-9195-D8DE2AFD671D}"
EndProject
Project("{FAE04EC0-301F-11D3-BF4B-00C04F79EFBC}") = "NextMMO", "NextMMO\NextMMO.csproj", "{E9641694-4EFA-4A8C-9A8C-53E8103CC842}"
EndProject
Project("{FAE04EC0-301F-11D3-BF4B-00C04F79EFBC}") = "NextMMO.Editor", "NextMMO.Editor\NextMMO.Editor.csproj", "{34FCB125-7CFD-4D5C-9A14-D357808C0139}"
EndProject
Global
	GlobalSection(SolutionConfigurationPlatforms) = preSolution
		Debug|x86 = Debug|x86
		Release|x86 = Release|x86
	EndGlobalSection
	GlobalSection(ProjectConfigurationPlatforms) = postSolution
		{41F4C1D8-2800-4E85-9195-D8DE2AFD671D}.Debug|x86.ActiveCfg = Debug|x86
		{41F4C1D8-2800-4E85-9195-D8DE2AFD671D}.Debug|x86.Build.0 = Debug|x86
		{41F4C1D8-2800-4E85-9195-D8DE2AFD671D}.Release|x86.ActiveCfg = Release|x86
		{41F4C1D8-2800-4E85-9195-D8DE2AFD671D}.Release|x86.Build.0 = Release|x86
		{E9641694-4EFA-4A8C-9A8C-53E8103CC842}.Debug|x86.ActiveCfg = Debug|x86
		{E9641694-4EFA-4A8C-9A8C-53E8103CC842}.Debug|x86.Build.0 = Debug|x86
		{E9641694-4EFA-4A8C-9A8C-53E8103CC842}.Release|x86.ActiveCfg = Release|x86
		{E9641694-4EFA-4A8C-9A8C-53E8103CC842}.Release|x86.Build.0 = Release|x86
		{34FCB125-7CFD-4D5C-9A14-D357808C0139}.Debug|x86.ActiveCfg = Debug|x86
		{34FCB125-7CFD-4D5C-9A14-D357808C0139}.Debug|x86.Build.0 = Debug|x86
		{34FCB125-7CFD-4D5C-9A14-D357808C0139}.Release|x86.ActiveCfg = Release|x86
		{34FCB125-7CFD-4D5C-9A14-D357808C0139}.Release|x86.Build.0 = Release|x86
	EndGlobalSection
	GlobalSection(SolutionProperties) = preSolution
		HideSolutionNode = FALSE
	EndGlobalSection
EndGlobal
